
Microsoft Visual Studio Solution File, Format Version 11.00
# Visual Studio 2010
Project("{FAE04EC0-301F-11D3-BF4B-00C04F79EFBC}") = "tgGeospatial", "tgGeospatial.csproj", "{17BE4975-0A99-490E-AA0A-99F6D38F6B8D}"
EndProject
Project("{FAE04EC0-301F-11D3-BF4B-00C04F79EFBC}") = "tgCommonLibrary", "..\..\..\tgCommonLibrary\src\tgCommonLibrary\tgCommonLibrary.csproj", "{64FE4175-4C97-4835-AD97-3C4F19E7B4DA}"
EndProject
Project("{FAE04EC0-301F-11D3-BF4B-00C04F79EFBC}") = "tgMongo", "..\..\..\tgMongo\src\tgMongo\tgMongo.csproj", "{30C94612-2107-49FD-BEA7-9789AF896B01}"
EndProject
Global
	GlobalSection(SolutionConfigurationPlatforms) = preSolution
		Debug|Any CPU = Debug|Any CPU
		Release|Any CPU = Release|Any CPU
	EndGlobalSection
	GlobalSection(ProjectConfigurationPlatforms) = postSolution
		{17BE4975-0A99-490E-AA0A-99F6D38F6B8D}.Debug|Any CPU.ActiveCfg = Debug|Any CPU
		{17BE4975-0A99-490E-AA0A-99F6D38F6B8D}.Debug|Any CPU.Build.0 = Debug|Any CPU
		{17BE4975-0A99-490E-AA0A-99F6D38F6B8D}.Release|Any CPU.ActiveCfg = Release|Any CPU
		{17BE4975-0A99-490E-AA0A-99F6D38F6B8D}.Release|Any CPU.Build.0 = Release|Any CPU
		{64FE4175-4C97-4835-AD97-3C4F19E7B4DA}.Debug|Any CPU.ActiveCfg = Debug|Any CPU
		{64FE4175-4C97-4835-AD97-3C4F19E7B4DA}.Debug|Any CPU.Build.0 = Debug|Any CPU
		{64FE4175-4C97-4835-AD97-3C4F19E7B4DA}.Release|Any CPU.ActiveCfg = Release|Any CPU
		{64FE4175-4C97-4835-AD97-3C4F19E7B4DA}.Release|Any CPU.Build.0 = Release|Any CPU
		{30C94612-2107-49FD-BEA7-9789AF896B01}.Debug|Any CPU.ActiveCfg = Debug|Any CPU
		{30C94612-2107-49FD-BEA7-9789AF896B01}.Debug|Any CPU.Build.0 = Debug|Any CPU
		{30C94612-2107-49FD-BEA7-9789AF896B01}.Release|Any CPU.ActiveCfg = Release|Any CPU
		{30C94612-2107-49FD-BEA7-9789AF896B01}.Release|Any CPU.Build.0 = Release|Any CPU
	EndGlobalSection
	GlobalSection(SolutionProperties) = preSolution
		HideSolutionNode = FALSE
	EndGlobalSection
EndGlobal
